
Microsoft Visual Studio Solution File, Format Version 12.00
Project("{FAE04EC0-301F-11D3-BF4B-00C04F79EFBC}") = "animationTry2", "animationTry2\animationTry2.csproj", "{DC6566C4-82F3-4B58-972D-5B16F197B416}"
EndProject
Global
	GlobalSection(SolutionConfigurationPlatforms) = preSolution
		Debug|Any CPU = Debug|Any CPU
		Release|Any CPU = Release|Any CPU
	EndGlobalSection
	GlobalSection(ProjectConfigurationPlatforms) = postSolution
		{DC6566C4-82F3-4B58-972D-5B16F197B416}.Debug|Any CPU.ActiveCfg = Debug|Any CPU
		{DC6566C4-82F3-4B58-972D-5B16F197B416}.Debug|Any CPU.Build.0 = Debug|Any CPU
		{DC6566C4-82F3-4B58-972D-5B16F197B416}.Release|Any CPU.ActiveCfg = Release|Any CPU
		{DC6566C4-82F3-4B58-972D-5B16F197B416}.Release|Any CPU.Build.0 = Release|Any CPU
	EndGlobalSection
EndGlobal
